
Microsoft Visual Studio Solution File, Format Version 12.00
# Visual Studio Version 17
VisualStudioVersion = 17.0.31903.59
MinimumVisualStudioVersion = 10.0.40219.1
Project("{2150E333-8FDC-42A3-9474-1A3956D46DE8}") = "cdk", "cdk", "{AF426F74-C863-4338-A873-2AE0AD964A96}"
EndProject
Project("{FAE04EC0-301F-11D3-BF4B-00C04F79EFBC}") = "OrdersService.CDK", "cdk\OrdersService.CDK.csproj", "{16597FCC-C251-476B-ACBA-AC92CFF6AC29}"
EndProject
Project("{2150E333-8FDC-42A3-9474-1A3956D46DE8}") = "sam", "sam", "{71014E70-6721-4B8D-8A6B-2736BE9BA3E1}"
	ProjectSection(SolutionItems) = preProject
		template.yaml = template.yaml
	EndProjectSection
EndProject
Project("{2150E333-8FDC-42A3-9474-1A3956D46DE8}") = "TestHarness", "TestHarness", "{032CC1B3-F554-4522-A41E-88F639FD4A68}"
EndProject
Project("{FAE04EC0-301F-11D3-BF4B-00C04F79EFBC}") = "TestHarness.Lambda", "src\TestHarness\TestHarness.Lambda\TestHarness.Lambda.csproj", "{CD4C3866-E399-4E2D-B607-28FBE86455CE}"
EndProject
Project("{2150E333-8FDC-42A3-9474-1A3956D46DE8}") = "Services", "Services", "{0699F20E-E4E4-440E-AC6B-C31589CDE618}"
	ProjectSection(SolutionItems) = preProject
		src\Dockerfile = src\Dockerfile
		src\docker-compose.yml = src\docker-compose.yml
		Makefile = Makefile
	EndProjectSection
EndProject
Project("{FAE04EC0-301F-11D3-BF4B-00C04F79EFBC}") = "Orders.Api", "src\Orders.Api\Orders.Api.csproj", "{24DA6C7B-D890-47DE-9AA8-E155D7279EFA}"
EndProject
Project("{FAE04EC0-301F-11D3-BF4B-00C04F79EFBC}") = "Orders.BackgroundWorkers", "src\Orders.BackgroundWorkers\Orders.BackgroundWorkers.csproj", "{5BC38C55-694A-4058-8E38-BC19D77302A4}"
EndProject
Project("{FAE04EC0-301F-11D3-BF4B-00C04F79EFBC}") = "Orders.Core", "src\Orders.Core\Orders.Core.csproj", "{B6D4904B-B0DD-4098-85F8-C826EA5697B8}"
EndProject
Project("{FAE04EC0-301F-11D3-BF4B-00C04F79EFBC}") = "Orders.IntegrationTests", "src\Orders.IntegrationTests\Orders.IntegrationTests.csproj", "{5183B5AC-B6B0-4924-BCC2-BE48E2E76ABD}"
EndProject
Global
	GlobalSection(SolutionConfigurationPlatforms) = preSolution
		Debug|Any CPU = Debug|Any CPU
		Release|Any CPU = Release|Any CPU
	EndGlobalSection
	GlobalSection(SolutionProperties) = preSolution
		HideSolutionNode = FALSE
	EndGlobalSection
	GlobalSection(ProjectConfigurationPlatforms) = postSolution
		{16597FCC-C251-476B-ACBA-AC92CFF6AC29}.Debug|Any CPU.ActiveCfg = Debug|Any CPU
		{16597FCC-C251-476B-ACBA-AC92CFF6AC29}.Debug|Any CPU.Build.0 = Debug|Any CPU
		{16597FCC-C251-476B-ACBA-AC92CFF6AC29}.Release|Any CPU.ActiveCfg = Release|Any CPU
		{16597FCC-C251-476B-ACBA-AC92CFF6AC29}.Release|Any CPU.Build.0 = Release|Any CPU
		{6C9573DF-1FCD-47D2-8690-DB9289509E84}.Debug|Any CPU.ActiveCfg = Debug|Any CPU
		{6C9573DF-1FCD-47D2-8690-DB9289509E84}.Debug|Any CPU.Build.0 = Debug|Any CPU
		{6C9573DF-1FCD-47D2-8690-DB9289509E84}.Release|Any CPU.ActiveCfg = Release|Any CPU
		{6C9573DF-1FCD-47D2-8690-DB9289509E84}.Release|Any CPU.Build.0 = Release|Any CPU
		{32387C51-45B0-4422-A5D4-D5E89045906A}.Debug|Any CPU.ActiveCfg = Debug|Any CPU
		{32387C51-45B0-4422-A5D4-D5E89045906A}.Debug|Any CPU.Build.0 = Debug|Any CPU
		{32387C51-45B0-4422-A5D4-D5E89045906A}.Release|Any CPU.ActiveCfg = Release|Any CPU
		{32387C51-45B0-4422-A5D4-D5E89045906A}.Release|Any CPU.Build.0 = Release|Any CPU
		{03F84535-4916-446D-92B6-1AEAE7701F27}.Debug|Any CPU.ActiveCfg = Debug|Any CPU
		{03F84535-4916-446D-92B6-1AEAE7701F27}.Debug|Any CPU.Build.0 = Debug|Any CPU
		{03F84535-4916-446D-92B6-1AEAE7701F27}.Release|Any CPU.ActiveCfg = Release|Any CPU
		{03F84535-4916-446D-92B6-1AEAE7701F27}.Release|Any CPU.Build.0 = Release|Any CPU
		{F90CABB5-303E-4596-829C-ED8D09E6CBA4}.Debug|Any CPU.ActiveCfg = Debug|Any CPU
		{F90CABB5-303E-4596-829C-ED8D09E6CBA4}.Debug|Any CPU.Build.0 = Debug|Any CPU
		{F90CABB5-303E-4596-829C-ED8D09E6CBA4}.Release|Any CPU.ActiveCfg = Release|Any CPU
		{F90CABB5-303E-4596-829C-ED8D09E6CBA4}.Release|Any CPU.Build.0 = Release|Any CPU
		{8E6A02F2-EAD0-47BF-A310-97C911BC26F8}.Debug|Any CPU.ActiveCfg = Debug|Any CPU
		{8E6A02F2-EAD0-47BF-A310-97C911BC26F8}.Debug|Any CPU.Build.0 = Debug|Any CPU
		{8E6A02F2-EAD0-47BF-A310-97C911BC26F8}.Release|Any CPU.ActiveCfg = Release|Any CPU
		{8E6A02F2-EAD0-47BF-A310-97C911BC26F8}.Release|Any CPU.Build.0 = Release|Any CPU
		{5EA89C7E-2F74-4F45-83B8-1E141C57876D}.Debug|Any CPU.ActiveCfg = Debug|Any CPU
		{5EA89C7E-2F74-4F45-83B8-1E141C57876D}.Debug|Any CPU.Build.0 = Debug|Any CPU
		{5EA89C7E-2F74-4F45-83B8-1E141C57876D}.Release|Any CPU.ActiveCfg = Release|Any CPU
		{5EA89C7E-2F74-4F45-83B8-1E141C57876D}.Release|Any CPU.Build.0 = Release|Any CPU
		{0DC203FA-8C86-44F6-9CFB-7680C38C4F06}.Debug|Any CPU.ActiveCfg = Debug|Any CPU
		{0DC203FA-8C86-44F6-9CFB-7680C38C4F06}.Debug|Any CPU.Build.0 = Debug|Any CPU
		{0DC203FA-8C86-44F6-9CFB-7680C38C4F06}.Release|Any CPU.ActiveCfg = Release|Any CPU
		{0DC203FA-8C86-44F6-9CFB-7680C38C4F06}.Release|Any CPU.Build.0 = Release|Any CPU
		{7F42F2F3-4A95-4D12-A9F9-31A572C23B13}.Debug|Any CPU.ActiveCfg = Debug|Any CPU
		{7F42F2F3-4A95-4D12-A9F9-31A572C23B13}.Debug|Any CPU.Build.0 = Debug|Any CPU
		{7F42F2F3-4A95-4D12-A9F9-31A572C23B13}.Release|Any CPU.ActiveCfg = Release|Any CPU
		{7F42F2F3-4A95-4D12-A9F9-31A572C23B13}.Release|Any CPU.Build.0 = Release|Any CPU
		{D602F87B-65DD-4747-B559-D4E073C45B00}.Debug|Any CPU.ActiveCfg = Debug|Any CPU
		{D602F87B-65DD-4747-B559-D4E073C45B00}.Debug|Any CPU.Build.0 = Debug|Any CPU
		{D602F87B-65DD-4747-B559-D4E073C45B00}.Release|Any CPU.ActiveCfg = Release|Any CPU
		{D602F87B-65DD-4747-B559-D4E073C45B00}.Release|Any CPU.Build.0 = Release|Any CPU
		{FDD934FE-EA25-4AF5-89E7-3593F717923C}.Debug|Any CPU.ActiveCfg = Debug|Any CPU
		{FDD934FE-EA25-4AF5-89E7-3593F717923C}.Debug|Any CPU.Build.0 = Debug|Any CPU
		{FDD934FE-EA25-4AF5-89E7-3593F717923C}.Release|Any CPU.ActiveCfg = Release|Any CPU
		{FDD934FE-EA25-4AF5-89E7-3593F717923C}.Release|Any CPU.Build.0 = Release|Any CPU
		{D72E1E41-B5AC-4731-9945-308C8C1DDB05}.Debug|Any CPU.ActiveCfg = Debug|Any CPU
		{D72E1E41-B5AC-4731-9945-308C8C1DDB05}.Debug|Any CPU.Build.0 = Debug|Any CPU
		{D72E1E41-B5AC-4731-9945-308C8C1DDB05}.Release|Any CPU.ActiveCfg = Release|Any CPU
		{D72E1E41-B5AC-4731-9945-308C8C1DDB05}.Release|Any CPU.Build.0 = Release|Any CPU
		{5BB23473-2289-40EB-9865-89E332E66605}.Debug|Any CPU.ActiveCfg = Debug|Any CPU
		{5BB23473-2289-40EB-9865-89E332E66605}.Debug|Any CPU.Build.0 = Debug|Any CPU
		{5BB23473-2289-40EB-9865-89E332E66605}.Release|Any CPU.ActiveCfg = Release|Any CPU
		{5BB23473-2289-40EB-9865-89E332E66605}.Release|Any CPU.Build.0 = Release|Any CPU
		{244F351F-4B8A-4EE1-B9AC-8DA0F0B46A84}.Debug|Any CPU.ActiveCfg = Debug|Any CPU
		{244F351F-4B8A-4EE1-B9AC-8DA0F0B46A84}.Debug|Any CPU.Build.0 = Debug|Any CPU
		{244F351F-4B8A-4EE1-B9AC-8DA0F0B46A84}.Release|Any CPU.ActiveCfg = Release|Any CPU
		{244F351F-4B8A-4EE1-B9AC-8DA0F0B46A84}.Release|Any CPU.Build.0 = Release|Any CPU
		{7A523DD0-645E-432C-B014-EF89E92F727E}.Debug|Any CPU.ActiveCfg = Debug|Any CPU
		{7A523DD0-645E-432C-B014-EF89E92F727E}.Debug|Any CPU.Build.0 = Debug|Any CPU
		{7A523DD0-645E-432C-B014-EF89E92F727E}.Release|Any CPU.ActiveCfg = Release|Any CPU
		{7A523DD0-645E-432C-B014-EF89E92F727E}.Release|Any CPU.Build.0 = Release|Any CPU
		{8C48D483-B4FC-4754-A9F4-3C8A2A5CB928}.Debug|Any CPU.ActiveCfg = Debug|Any CPU
		{8C48D483-B4FC-4754-A9F4-3C8A2A5CB928}.Debug|Any CPU.Build.0 = Debug|Any CPU
		{8C48D483-B4FC-4754-A9F4-3C8A2A5CB928}.Release|Any CPU.ActiveCfg = Release|Any CPU
		{8C48D483-B4FC-4754-A9F4-3C8A2A5CB928}.Release|Any CPU.Build.0 = Release|Any CPU
		{7605A78E-35D1-4448-8C3E-6CB2D1B18225}.Debug|Any CPU.ActiveCfg = Debug|Any CPU
		{7605A78E-35D1-4448-8C3E-6CB2D1B18225}.Debug|Any CPU.Build.0 = Debug|Any CPU
		{7605A78E-35D1-4448-8C3E-6CB2D1B18225}.Release|Any CPU.ActiveCfg = Release|Any CPU
		{7605A78E-35D1-4448-8C3E-6CB2D1B18225}.Release|Any CPU.Build.0 = Release|Any CPU
		{F1BE5FC2-A693-418E-AB76-7541FD87DA59}.Debug|Any CPU.ActiveCfg = Debug|Any CPU
		{F1BE5FC2-A693-418E-AB76-7541FD87DA59}.Debug|Any CPU.Build.0 = Debug|Any CPU
		{F1BE5FC2-A693-418E-AB76-7541FD87DA59}.Release|Any CPU.ActiveCfg = Release|Any CPU
		{F1BE5FC2-A693-418E-AB76-7541FD87DA59}.Release|Any CPU.Build.0 = Release|Any CPU
		{18068CFF-4451-4F33-9F7B-FA0AC780BF08}.Debug|Any CPU.ActiveCfg = Debug|Any CPU
		{18068CFF-4451-4F33-9F7B-FA0AC780BF08}.Debug|Any CPU.Build.0 = Debug|Any CPU
		{18068CFF-4451-4F33-9F7B-FA0AC780BF08}.Release|Any CPU.ActiveCfg = Release|Any CPU
		{18068CFF-4451-4F33-9F7B-FA0AC780BF08}.Release|Any CPU.Build.0 = Release|Any CPU
		{BADC514B-931A-468A-9D1D-4F509F94E799}.Debug|Any CPU.ActiveCfg = Debug|Any CPU
		{BADC514B-931A-468A-9D1D-4F509F94E799}.Debug|Any CPU.Build.0 = Debug|Any CPU
		{BADC514B-931A-468A-9D1D-4F509F94E799}.Release|Any CPU.ActiveCfg = Release|Any CPU
		{BADC514B-931A-468A-9D1D-4F509F94E799}.Release|Any CPU.Build.0 = Release|Any CPU
		{4510EECD-A0BC-4645-8838-4D0702663032}.Debug|Any CPU.ActiveCfg = Debug|Any CPU
		{4510EECD-A0BC-4645-8838-4D0702663032}.Debug|Any CPU.Build.0 = Debug|Any CPU
		{4510EECD-A0BC-4645-8838-4D0702663032}.Release|Any CPU.ActiveCfg = Release|Any CPU
		{4510EECD-A0BC-4645-8838-4D0702663032}.Release|Any CPU.Build.0 = Release|Any CPU
		{CD4C3866-E399-4E2D-B607-28FBE86455CE}.Debug|Any CPU.ActiveCfg = Debug|Any CPU
		{CD4C3866-E399-4E2D-B607-28FBE86455CE}.Debug|Any CPU.Build.0 = Debug|Any CPU
		{CD4C3866-E399-4E2D-B607-28FBE86455CE}.Release|Any CPU.ActiveCfg = Release|Any CPU
		{CD4C3866-E399-4E2D-B607-28FBE86455CE}.Release|Any CPU.Build.0 = Release|Any CPU
		{9D315BA8-CE8F-4E04-BAAD-D147A4E8189A}.Debug|Any CPU.ActiveCfg = Debug|Any CPU
		{9D315BA8-CE8F-4E04-BAAD-D147A4E8189A}.Debug|Any CPU.Build.0 = Debug|Any CPU
		{9D315BA8-CE8F-4E04-BAAD-D147A4E8189A}.Release|Any CPU.ActiveCfg = Release|Any CPU
		{9D315BA8-CE8F-4E04-BAAD-D147A4E8189A}.Release|Any CPU.Build.0 = Release|Any CPU
		{24DA6C7B-D890-47DE-9AA8-E155D7279EFA}.Debug|Any CPU.ActiveCfg = Debug|Any CPU
		{24DA6C7B-D890-47DE-9AA8-E155D7279EFA}.Debug|Any CPU.Build.0 = Debug|Any CPU
		{24DA6C7B-D890-47DE-9AA8-E155D7279EFA}.Release|Any CPU.ActiveCfg = Release|Any CPU
		{24DA6C7B-D890-47DE-9AA8-E155D7279EFA}.Release|Any CPU.Build.0 = Release|Any CPU
		{5BC38C55-694A-4058-8E38-BC19D77302A4}.Debug|Any CPU.ActiveCfg = Debug|Any CPU
		{5BC38C55-694A-4058-8E38-BC19D77302A4}.Debug|Any CPU.Build.0 = Debug|Any CPU
		{5BC38C55-694A-4058-8E38-BC19D77302A4}.Release|Any CPU.ActiveCfg = Release|Any CPU
		{5BC38C55-694A-4058-8E38-BC19D77302A4}.Release|Any CPU.Build.0 = Release|Any CPU
		{B6D4904B-B0DD-4098-85F8-C826EA5697B8}.Debug|Any CPU.ActiveCfg = Debug|Any CPU
		{B6D4904B-B0DD-4098-85F8-C826EA5697B8}.Debug|Any CPU.Build.0 = Debug|Any CPU
		{B6D4904B-B0DD-4098-85F8-C826EA5697B8}.Release|Any CPU.ActiveCfg = Release|Any CPU
		{B6D4904B-B0DD-4098-85F8-C826EA5697B8}.Release|Any CPU.Build.0 = Release|Any CPU
		{5183B5AC-B6B0-4924-BCC2-BE48E2E76ABD}.Debug|Any CPU.ActiveCfg = Debug|Any CPU
		{5183B5AC-B6B0-4924-BCC2-BE48E2E76ABD}.Debug|Any CPU.Build.0 = Debug|Any CPU
		{5183B5AC-B6B0-4924-BCC2-BE48E2E76ABD}.Release|Any CPU.ActiveCfg = Release|Any CPU
		{5183B5AC-B6B0-4924-BCC2-BE48E2E76ABD}.Release|Any CPU.Build.0 = Release|Any CPU
	EndGlobalSection
	GlobalSection(NestedProjects) = preSolution
		{16597FCC-C251-476B-ACBA-AC92CFF6AC29} = {AF426F74-C863-4338-A873-2AE0AD964A96}
		{D811020A-EE2E-44D0-8D9A-B3268F8FE52D} = {4263CABF-2354-4643-B016-8547EFA582EF}
		{6C9573DF-1FCD-47D2-8690-DB9289509E84} = {D811020A-EE2E-44D0-8D9A-B3268F8FE52D}
		{32387C51-45B0-4422-A5D4-D5E89045906A} = {D811020A-EE2E-44D0-8D9A-B3268F8FE52D}
		{03F84535-4916-446D-92B6-1AEAE7701F27} = {D811020A-EE2E-44D0-8D9A-B3268F8FE52D}
		{2C73286F-1819-4EED-A967-68376778AB5B} = {4263CABF-2354-4643-B016-8547EFA582EF}
		{74EF7BA0-0770-48A1-943F-76C80CD8E0EF} = {4263CABF-2354-4643-B016-8547EFA582EF}
		{8964F86E-3A95-40A0-B523-AC8D6692FC30} = {4263CABF-2354-4643-B016-8547EFA582EF}
		{C67582D1-0711-4C89-A577-B375C0CA380C} = {4263CABF-2354-4643-B016-8547EFA582EF}
		{F90CABB5-303E-4596-829C-ED8D09E6CBA4} = {2C73286F-1819-4EED-A967-68376778AB5B}
		{8E6A02F2-EAD0-47BF-A310-97C911BC26F8} = {2C73286F-1819-4EED-A967-68376778AB5B}
		{5EA89C7E-2F74-4F45-83B8-1E141C57876D} = {2C73286F-1819-4EED-A967-68376778AB5B}
		{0DC203FA-8C86-44F6-9CFB-7680C38C4F06} = {74EF7BA0-0770-48A1-943F-76C80CD8E0EF}
		{7F42F2F3-4A95-4D12-A9F9-31A572C23B13} = {74EF7BA0-0770-48A1-943F-76C80CD8E0EF}
		{D602F87B-65DD-4747-B559-D4E073C45B00} = {74EF7BA0-0770-48A1-943F-76C80CD8E0EF}
		{FDD934FE-EA25-4AF5-89E7-3593F717923C} = {8964F86E-3A95-40A0-B523-AC8D6692FC30}
		{D72E1E41-B5AC-4731-9945-308C8C1DDB05} = {8964F86E-3A95-40A0-B523-AC8D6692FC30}
		{5BB23473-2289-40EB-9865-89E332E66605} = {C67582D1-0711-4C89-A577-B375C0CA380C}
		{244F351F-4B8A-4EE1-B9AC-8DA0F0B46A84} = {C67582D1-0711-4C89-A577-B375C0CA380C}
		{7A523DD0-645E-432C-B014-EF89E92F727E} = {C67582D1-0711-4C89-A577-B375C0CA380C}
		{8C48D483-B4FC-4754-A9F4-3C8A2A5CB928} = {8964F86E-3A95-40A0-B523-AC8D6692FC30}
		{7DAFB088-2A36-4264-8775-848E7BEC3BC5} = {4263CABF-2354-4643-B016-8547EFA582EF}
		{7605A78E-35D1-4448-8C3E-6CB2D1B18225} = {7DAFB088-2A36-4264-8775-848E7BEC3BC5}
		{8966CC7D-B17E-4502-8D98-30BDBA4A6A9A} = {4263CABF-2354-4643-B016-8547EFA582EF}
		{F1BE5FC2-A693-418E-AB76-7541FD87DA59} = {8966CC7D-B17E-4502-8D98-30BDBA4A6A9A}
		{F76D997A-B13C-41D3-AE1B-648B9BB5A90F} = {4263CABF-2354-4643-B016-8547EFA582EF}
		{18068CFF-4451-4F33-9F7B-FA0AC780BF08} = {F76D997A-B13C-41D3-AE1B-648B9BB5A90F}
		{BADC514B-931A-468A-9D1D-4F509F94E799} = {F76D997A-B13C-41D3-AE1B-648B9BB5A90F}
		{4510EECD-A0BC-4645-8838-4D0702663032} = {F76D997A-B13C-41D3-AE1B-648B9BB5A90F}
		{032CC1B3-F554-4522-A41E-88F639FD4A68} = {4263CABF-2354-4643-B016-8547EFA582EF}
		{CD4C3866-E399-4E2D-B607-28FBE86455CE} = {032CC1B3-F554-4522-A41E-88F639FD4A68}
		{9D315BA8-CE8F-4E04-BAAD-D147A4E8189A} = {D811020A-EE2E-44D0-8D9A-B3268F8FE52D}
		{24DA6C7B-D890-47DE-9AA8-E155D7279EFA} = {0699F20E-E4E4-440E-AC6B-C31589CDE618}
		{5BC38C55-694A-4058-8E38-BC19D77302A4} = {0699F20E-E4E4-440E-AC6B-C31589CDE618}
		{B6D4904B-B0DD-4098-85F8-C826EA5697B8} = {0699F20E-E4E4-440E-AC6B-C31589CDE618}
		{5183B5AC-B6B0-4924-BCC2-BE48E2E76ABD} = {0699F20E-E4E4-440E-AC6B-C31589CDE618}
	EndGlobalSection
EndGlobal
