
Microsoft Visual Studio Solution File, Format Version 12.00
# Visual Studio Version 17
VisualStudioVersion = 17.5.002.0
MinimumVisualStudioVersion = 10.0.40219.1
Project("{2150E333-8FDC-42A3-9474-1A3956D46DE8}") = "node_modules", "node_modules", "{4CB2A33A-C59C-423D-AF9C-3D914F847E95}"
EndProject
Project("{2150E333-8FDC-42A3-9474-1A3956D46DE8}") = "aws-cdk", "aws-cdk", "{FFC0558A-6ED0-45E2-A35D-9785B00F69AD}"
EndProject
Project("{2150E333-8FDC-42A3-9474-1A3956D46DE8}") = "lib", "lib", "{4998F68A-B726-4F4E-9B3A-925B6B1290AB}"
EndProject
Project("{2150E333-8FDC-42A3-9474-1A3956D46DE8}") = "init-templates", "init-templates", "{2BE72CF4-DAC6-4211-9B7F-03613CF9D93A}"
EndProject
Project("{2150E333-8FDC-42A3-9474-1A3956D46DE8}") = "sample-app", "sample-app", "{AC4A2044-9DF2-4947-B806-2FE26EC1C00E}"
EndProject
Project("{2150E333-8FDC-42A3-9474-1A3956D46DE8}") = "csharp", "csharp", "{7D760DC5-E8FD-4A38-82F2-1059CCD29025}"
EndProject
Project("{2150E333-8FDC-42A3-9474-1A3956D46DE8}") = "src", "src", "{AF8772A7-9F94-4F03-8BAE-2978E6BDE062}"
EndProject
Project("{9A19103F-16F7-4668-BE54-9A1E7A4F7556}") = "%name.PascalCased%.template", "node_modules\aws-cdk\lib\init-templates\sample-app\csharp\src\%name.PascalCased%\%name.PascalCased%.template.csproj", "{F1DD49A5-1621-43F7-B215-DDDF500726CF}"
EndProject
Project("{2150E333-8FDC-42A3-9474-1A3956D46DE8}") = "app", "app", "{58315E24-3306-4094-ACD7-B208C2303E32}"
EndProject
Project("{2150E333-8FDC-42A3-9474-1A3956D46DE8}") = "csharp", "csharp", "{6ECD4E6A-D35E-4EED-9064-F0A5482A3A2A}"
EndProject
Project("{2150E333-8FDC-42A3-9474-1A3956D46DE8}") = "src", "src", "{3A19E271-E94D-4ACB-8071-7A509B871F21}"
EndProject
Project("{9A19103F-16F7-4668-BE54-9A1E7A4F7556}") = "%name.PascalCased%.template", "node_modules\aws-cdk\lib\init-templates\app\csharp\src\%name.PascalCased%\%name.PascalCased%.template.csproj", "{830CC46E-3F30-4D9B-AEEA-9E9D10EC8575}"
EndProject
Global
	GlobalSection(SolutionConfigurationPlatforms) = preSolution
		Debug|Any CPU = Debug|Any CPU
		Release|Any CPU = Release|Any CPU
	EndGlobalSection
	GlobalSection(ProjectConfigurationPlatforms) = postSolution
		{F1DD49A5-1621-43F7-B215-DDDF500726CF}.Debug|Any CPU.ActiveCfg = Debug|Any CPU
		{F1DD49A5-1621-43F7-B215-DDDF500726CF}.Debug|Any CPU.Build.0 = Debug|Any CPU
		{F1DD49A5-1621-43F7-B215-DDDF500726CF}.Release|Any CPU.ActiveCfg = Release|Any CPU
		{F1DD49A5-1621-43F7-B215-DDDF500726CF}.Release|Any CPU.Build.0 = Release|Any CPU
		{830CC46E-3F30-4D9B-AEEA-9E9D10EC8575}.Debug|Any CPU.ActiveCfg = Debug|Any CPU
		{830CC46E-3F30-4D9B-AEEA-9E9D10EC8575}.Debug|Any CPU.Build.0 = Debug|Any CPU
		{830CC46E-3F30-4D9B-AEEA-9E9D10EC8575}.Release|Any CPU.ActiveCfg = Release|Any CPU
		{830CC46E-3F30-4D9B-AEEA-9E9D10EC8575}.Release|Any CPU.Build.0 = Release|Any CPU
	EndGlobalSection
	GlobalSection(SolutionProperties) = preSolution
		HideSolutionNode = FALSE
	EndGlobalSection
	GlobalSection(NestedProjects) = preSolution
		{FFC0558A-6ED0-45E2-A35D-9785B00F69AD} = {4CB2A33A-C59C-423D-AF9C-3D914F847E95}
		{4998F68A-B726-4F4E-9B3A-925B6B1290AB} = {FFC0558A-6ED0-45E2-A35D-9785B00F69AD}
		{2BE72CF4-DAC6-4211-9B7F-03613CF9D93A} = {4998F68A-B726-4F4E-9B3A-925B6B1290AB}
		{AC4A2044-9DF2-4947-B806-2FE26EC1C00E} = {2BE72CF4-DAC6-4211-9B7F-03613CF9D93A}
		{7D760DC5-E8FD-4A38-82F2-1059CCD29025} = {AC4A2044-9DF2-4947-B806-2FE26EC1C00E}
		{AF8772A7-9F94-4F03-8BAE-2978E6BDE062} = {7D760DC5-E8FD-4A38-82F2-1059CCD29025}
		{F1DD49A5-1621-43F7-B215-DDDF500726CF} = {AF8772A7-9F94-4F03-8BAE-2978E6BDE062}
		{58315E24-3306-4094-ACD7-B208C2303E32} = {2BE72CF4-DAC6-4211-9B7F-03613CF9D93A}
		{6ECD4E6A-D35E-4EED-9064-F0A5482A3A2A} = {58315E24-3306-4094-ACD7-B208C2303E32}
		{3A19E271-E94D-4ACB-8071-7A509B871F21} = {6ECD4E6A-D35E-4EED-9064-F0A5482A3A2A}
		{830CC46E-3F30-4D9B-AEEA-9E9D10EC8575} = {3A19E271-E94D-4ACB-8071-7A509B871F21}
	EndGlobalSection
	GlobalSection(ExtensibilityGlobals) = postSolution
		SolutionGuid = {328DF44E-7836-48E2-8A2A-6B5BA93D07A2}
	EndGlobalSection
EndGlobal
