
Microsoft Visual Studio Solution File, Format Version 12.00
# Visual Studio Version 17
VisualStudioVersion = 17.5.002.0
MinimumVisualStudioVersion = 10.0.40219.1
Project("{2150E333-8FDC-42A3-9474-1A3956D46DE8}") = "src", "src", "{A636C31D-5B75-455A-ACB8-26A57496BAA0}"
EndProject
Project("{2150E333-8FDC-42A3-9474-1A3956D46DE8}") = "dotnet", "dotnet", "{DA6C3B4E-5876-4FEB-B5A4-EC8300507627}"
EndProject
Project("{9A19103F-16F7-4668-BE54-9A1E7A4F7556}") = "ServerlessGettingStarted.CDK", "src\dotnet\cdk\ServerlessGettingStarted.CDK.csproj", "{ACE13088-EF05-41DE-8027-D95CA81D140A}"
EndProject
Project("{2150E333-8FDC-42A3-9474-1A3956D46DE8}") = "src", "src", "{67EB9527-5CFA-4095-99B8-7F179225A720}"
EndProject
Project("{9A19103F-16F7-4668-BE54-9A1E7A4F7556}") = "BackgroundWorkers", "src\dotnet\src\Product.Pricing\BackgroundWorkers.csproj", "{081A2C38-B0EC-4F59-BD8A-6CDC5A39C194}"
EndProject
Project("{2150E333-8FDC-42A3-9474-1A3956D46DE8}") = "Inventory.Ordering", "Inventory.Ordering", "{292E8FFD-5D1E-4551-A1F0-824DA0DE18AF}"
EndProject
Project("{9A19103F-16F7-4668-BE54-9A1E7A4F7556}") = "Inventory.Ordering.Adapters", "src\dotnet\src\Inventory.Ordering\Inventory.Ordering.Adapters\Inventory.Ordering.Adapters.csproj", "{E5ACA919-8283-42F9-8E26-20748EFC5D64}"
EndProject
Project("{9A19103F-16F7-4668-BE54-9A1E7A4F7556}") = "Inventory.Ordering.Core.Test", "src\dotnet\src\Inventory.Ordering\Inventory.Ordering.Core.Test\Inventory.Ordering.Core.Test.csproj", "{96A5F298-2DF6-4BAC-9292-062C36CB0752}"
EndProject
Project("{9A19103F-16F7-4668-BE54-9A1E7A4F7556}") = "Inventory.Ordering.Core", "src\dotnet\src\Inventory.Ordering\Inventory.Ordering.Core\Inventory.Ordering.Core.csproj", "{47A12179-7860-426F-A941-FA6AE943A5D9}"
EndProject
Project("{2150E333-8FDC-42A3-9474-1A3956D46DE8}") = "Product.EventPublisher", "Product.EventPublisher", "{13ADF0FF-536D-4813-930B-4B8FC3D13FC6}"
EndProject
Project("{9A19103F-16F7-4668-BE54-9A1E7A4F7556}") = "ProductEventPublisher.Core", "src\dotnet\src\Product.EventPublisher\ProductEventPublisher.Core\ProductEventPublisher.Core.csproj", "{F20485DA-BE97-44A5-9D91-7C29537A8C11}"
EndProject
Project("{9A19103F-16F7-4668-BE54-9A1E7A4F7556}") = "ProductEventPublisher.Adapters", "src\dotnet\src\Product.EventPublisher\ProductEventPublisher.Adapters\ProductEventPublisher.Adapters.csproj", "{D7786B4A-D317-472C-A716-C0C290FAD223}"
EndProject
Project("{9A19103F-16F7-4668-BE54-9A1E7A4F7556}") = "ProductEventPublisher.Core.Tests", "src\dotnet\src\Product.EventPublisher\ProductEventPublisher.Core.Tests\ProductEventPublisher.Core.Tests.csproj", "{3A628CBE-1DB4-4F50-B8B8-2168C7613AEA}"
EndProject
Project("{2150E333-8FDC-42A3-9474-1A3956D46DE8}") = "Product.Pricing", "Product.Pricing", "{A52ACEF8-5D7E-4F9D-B0DA-24B2F1B1CCE8}"
EndProject
Project("{9A19103F-16F7-4668-BE54-9A1E7A4F7556}") = "ProductPricingService.Core.Test", "src\dotnet\src\Product.Pricing\ProductPricingService.Core.Test\ProductPricingService.Core.Test.csproj", "{90C770FE-BAD9-47DB-B618-A818E2BDD4BF}"
EndProject
Project("{9A19103F-16F7-4668-BE54-9A1E7A4F7556}") = "ProductPricingService.Lambda", "src\dotnet\src\Product.Pricing\ProductPricingService.Lambda\ProductPricingService.Lambda.csproj", "{0D04C758-8C62-4739-B4FE-3BBC38101519}"
EndProject
Project("{9A19103F-16F7-4668-BE54-9A1E7A4F7556}") = "ProductPricingService.Core", "src\dotnet\src\Product.Pricing\ProductPricingService.Core\ProductPricingService.Core.csproj", "{14A7211F-60D4-4DC8-B60C-A431D6B628F8}"
EndProject
Project("{2150E333-8FDC-42A3-9474-1A3956D46DE8}") = "Inventory.Acl", "Inventory.Acl", "{D52C47AB-1A2A-4A4D-B1F6-9DCF7A89F74E}"
EndProject
Project("{9A19103F-16F7-4668-BE54-9A1E7A4F7556}") = "Inventory.Acl.Adapters", "src\dotnet\src\Inventory.Acl\Inventory.Acl.Adapters\Inventory.Acl.Adapters.csproj", "{709B622D-8BCA-44CD-8005-155C4EF58329}"
EndProject
Project("{9A19103F-16F7-4668-BE54-9A1E7A4F7556}") = "Inventory.Acl.Core", "src\dotnet\src\Inventory.Acl\Inventory.Acl.Core\Inventory.Acl.Core.csproj", "{1FA53F7D-693C-4B9C-8F27-B61C80CD152D}"
EndProject
Project("{9A19103F-16F7-4668-BE54-9A1E7A4F7556}") = "Inventory.Acl.Core.Test", "src\dotnet\src\Inventory.Acl\Inventory.Acl.Core.Test\Inventory.Acl.Core.Test.csproj", "{A2E269C6-614D-4111-B3C7-942A8980959C}"
EndProject
Project("{2150E333-8FDC-42A3-9474-1A3956D46DE8}") = "Product.Api", "Product.Api", "{0F025166-F452-4D25-9C4C-A21924F2739C}"
EndProject
Project("{9A19103F-16F7-4668-BE54-9A1E7A4F7556}") = "ProductApi.Core.Test", "src\dotnet\src\Product.Api\ProductApi.Core.Test\ProductApi.Core.Test.csproj", "{71FF69FE-F885-4719-B454-35FF22AE5460}"
EndProject
Project("{9A19103F-16F7-4668-BE54-9A1E7A4F7556}") = "ProductApi.Adapters", "src\dotnet\src\Product.Api\ProductApi.Adapters\ProductApi.Adapters.csproj", "{AE01305D-E6C7-46B8-976C-3C1D5A1ECDD1}"
EndProject
Project("{9A19103F-16F7-4668-BE54-9A1E7A4F7556}") = "ProductApi.Core", "src\dotnet\src\Product.Api\ProductApi.Core\ProductApi.Core.csproj", "{F6084DFD-F525-45D6-8423-098F339D4A92}"
EndProject
Project("{2150E333-8FDC-42A3-9474-1A3956D46DE8}") = "Analytics", "Analytics", "{E449AA03-0C48-4502-89D8-B30C5973D3E1}"
EndProject
Project("{9A19103F-16F7-4668-BE54-9A1E7A4F7556}") = "Analytics.Adapters", "src\dotnet\src\Analytics\Analytics.Adapters\Analytics.Adapters.csproj", "{71D2A888-BA01-4E49-BD42-41EE5E457B20}"
EndProject
Project("{2150E333-8FDC-42A3-9474-1A3956D46DE8}") = "nodejs", "nodejs", "{257B9877-DDFC-4C21-AF38-2B39ACE22457}"
EndProject
Project("{2150E333-8FDC-42A3-9474-1A3956D46DE8}") = "node_modules", "node_modules", "{1B7C6B7E-7690-4390-81E5-E7E22B2A5A57}"
EndProject
Project("{2150E333-8FDC-42A3-9474-1A3956D46DE8}") = "sst", "sst", "{E342812D-90EB-4F07-8D5C-3C0D9BBA9544}"
EndProject
Project("{2150E333-8FDC-42A3-9474-1A3956D46DE8}") = "support", "support", "{2FD25058-0BEF-4BEC-B6D8-CCDFF61F3D1F}"
EndProject
Project("{9A19103F-16F7-4668-BE54-9A1E7A4F7556}") = "dotnet-bootstrap", "src\nodejs\node_modules\sst\support\dotnet8-bootstrap\dotnet-bootstrap.csproj", "{B5100598-BEEC-450C-8A8E-8A7B38B808D0}"
EndProject
Project("{9A19103F-16F7-4668-BE54-9A1E7A4F7556}") = "dotnet-bootstrap (1)", "src\nodejs\node_modules\sst\support\dotnet31-bootstrap\dotnet-bootstrap.csproj", "{AAC265FC-8E69-41C5-A530-37555BCC90E9}"
EndProject
Project("{9A19103F-16F7-4668-BE54-9A1E7A4F7556}") = "dotnet-bootstrap (2)", "src\nodejs\node_modules\sst\support\dotnet6-bootstrap\dotnet-bootstrap.csproj", "{FE82EA5A-8818-429D-9E85-0AC9338202D6}"
EndProject
Project("{2150E333-8FDC-42A3-9474-1A3956D46DE8}") = "aws-cdk", "aws-cdk", "{5E234526-5B9D-4AE4-AD6F-B46AFF33C704}"
EndProject
Project("{2150E333-8FDC-42A3-9474-1A3956D46DE8}") = "lib", "lib", "{E8BBB60B-FBAF-44D2-AF11-B892FA72430B}"
EndProject
Project("{2150E333-8FDC-42A3-9474-1A3956D46DE8}") = "init-templates", "init-templates", "{4B010605-517F-4A60-B4B2-A9A50CD481B0}"
EndProject
Project("{2150E333-8FDC-42A3-9474-1A3956D46DE8}") = "sample-app", "sample-app", "{6F85FCEC-C273-44D7-BBCE-4A43C9D8DBD7}"
EndProject
Project("{2150E333-8FDC-42A3-9474-1A3956D46DE8}") = "csharp", "csharp", "{40018E39-D527-4545-B304-B187D37952F1}"
EndProject
Project("{2150E333-8FDC-42A3-9474-1A3956D46DE8}") = "src", "src", "{C26DCF69-E57F-4101-879E-9FB94A3183F8}"
EndProject
Project("{9A19103F-16F7-4668-BE54-9A1E7A4F7556}") = "%name.PascalCased%.template", "src\nodejs\node_modules\aws-cdk\lib\init-templates\sample-app\csharp\src\%name.PascalCased%\%name.PascalCased%.template.csproj", "{FB47AACB-3798-4C47-A61E-E09EEACE78F2}"
EndProject
Project("{2150E333-8FDC-42A3-9474-1A3956D46DE8}") = "app", "app", "{15B1C553-5776-4761-A19A-6A1C1E324E8A}"
EndProject
Project("{2150E333-8FDC-42A3-9474-1A3956D46DE8}") = "csharp", "csharp", "{79603316-D297-4E5C-9699-662C87A98EEC}"
EndProject
Project("{2150E333-8FDC-42A3-9474-1A3956D46DE8}") = "src", "src", "{EE383ADF-813D-46FD-AC1A-111C4FA98FC1}"
EndProject
Project("{9A19103F-16F7-4668-BE54-9A1E7A4F7556}") = "%name.PascalCased%.template", "src\nodejs\node_modules\aws-cdk\lib\init-templates\app\csharp\src\%name.PascalCased%\%name.PascalCased%.template.csproj", "{1157ECE4-3630-4E50-9637-51986838E4E3}"
EndProject
Project("{2150E333-8FDC-42A3-9474-1A3956D46DE8}") = "sst-aws-cdk", "sst-aws-cdk", "{A716E455-E20A-424F-AF5B-7F44BD15AA64}"
EndProject
Project("{2150E333-8FDC-42A3-9474-1A3956D46DE8}") = "lib", "lib", "{D1BC7346-72D6-4FBA-B30A-83C46BA8088E}"
EndProject
Project("{2150E333-8FDC-42A3-9474-1A3956D46DE8}") = "init-templates", "init-templates", "{FED7D3EF-D820-44F8-8AE0-16A3CEA8A100}"
EndProject
Project("{2150E333-8FDC-42A3-9474-1A3956D46DE8}") = "sample-app", "sample-app", "{CE14AE4C-2469-414D-81C9-E6843575D8D4}"
EndProject
Project("{2150E333-8FDC-42A3-9474-1A3956D46DE8}") = "csharp", "csharp", "{FF06DFE6-5035-49E1-95BB-532B9BD386C7}"
EndProject
Project("{2150E333-8FDC-42A3-9474-1A3956D46DE8}") = "src", "src", "{40B17ED5-F159-4B00-A233-4B0ADC4DA036}"
EndProject
Project("{9A19103F-16F7-4668-BE54-9A1E7A4F7556}") = "%name.PascalCased%.template", "src\nodejs\node_modules\sst-aws-cdk\lib\init-templates\sample-app\csharp\src\%name.PascalCased%\%name.PascalCased%.template.csproj", "{EEEC3A5A-1547-4A64-945A-715EC52B2001}"
EndProject
Project("{2150E333-8FDC-42A3-9474-1A3956D46DE8}") = "app", "app", "{194C9E38-6D59-47F7-B6B0-99F930A246D9}"
EndProject
Project("{2150E333-8FDC-42A3-9474-1A3956D46DE8}") = "csharp", "csharp", "{E6829539-476C-47CC-96E8-BB5EDD8CA567}"
EndProject
Project("{2150E333-8FDC-42A3-9474-1A3956D46DE8}") = "src", "src", "{19B67032-BCB4-4D42-B197-87D6EC5BB83C}"
EndProject
Project("{9A19103F-16F7-4668-BE54-9A1E7A4F7556}") = "%name.PascalCased%.template", "src\nodejs\node_modules\sst-aws-cdk\lib\init-templates\app\csharp\src\%name.PascalCased%\%name.PascalCased%.template.csproj", "{D38A6DA7-0CD4-49D4-A469-B21070BBF6A5}"
EndProject
Project("{2150E333-8FDC-42A3-9474-1A3956D46DE8}") = "rust", "rust", "{03871D77-AA37-4C5B-90B6-958EB0AD6617}"
EndProject
Project("{2150E333-8FDC-42A3-9474-1A3956D46DE8}") = "node_modules", "node_modules", "{57E18E89-48FA-4908-829A-81FEB13D92AE}"
EndProject
Project("{2150E333-8FDC-42A3-9474-1A3956D46DE8}") = "aws-cdk", "aws-cdk", "{7205B1EC-042D-4E1C-A307-483CAB83F0F3}"
EndProject
Project("{2150E333-8FDC-42A3-9474-1A3956D46DE8}") = "lib", "lib", "{C0BADB1B-930D-477E-8C35-0A01037C33B4}"
EndProject
Project("{2150E333-8FDC-42A3-9474-1A3956D46DE8}") = "init-templates", "init-templates", "{80592B40-73CB-4F61-9E4D-AC80301EA752}"
EndProject
Project("{2150E333-8FDC-42A3-9474-1A3956D46DE8}") = "sample-app", "sample-app", "{69B6C107-8D73-455B-9A44-FE4EDEFF8C7A}"
EndProject
Project("{2150E333-8FDC-42A3-9474-1A3956D46DE8}") = "csharp", "csharp", "{C5A88BDD-372E-4541-A786-C07CE80BECBA}"
EndProject
Project("{2150E333-8FDC-42A3-9474-1A3956D46DE8}") = "src", "src", "{9681494A-6EF8-401A-A1FD-3BED5B9E4AB1}"
EndProject
Project("{9A19103F-16F7-4668-BE54-9A1E7A4F7556}") = "%name.PascalCased%.template", "src\rust\node_modules\aws-cdk\lib\init-templates\sample-app\csharp\src\%name.PascalCased%\%name.PascalCased%.template.csproj", "{A8815F3C-018C-43B7-A0D1-A76054A38F11}"
EndProject
Project("{2150E333-8FDC-42A3-9474-1A3956D46DE8}") = "app", "app", "{AEF98650-ED35-4365-9BFA-9D9C815E2B95}"
EndProject
Project("{2150E333-8FDC-42A3-9474-1A3956D46DE8}") = "csharp", "csharp", "{B9B206A8-A4E9-470B-AB26-ED7B4D785A41}"
EndProject
Project("{2150E333-8FDC-42A3-9474-1A3956D46DE8}") = "src", "src", "{E741C219-DD00-4328-845C-F28EEC3C4FCF}"
EndProject
Project("{9A19103F-16F7-4668-BE54-9A1E7A4F7556}") = "%name.PascalCased%.template", "src\rust\node_modules\aws-cdk\lib\init-templates\app\csharp\src\%name.PascalCased%\%name.PascalCased%.template.csproj", "{3D1FC7FF-47C0-4F29-B43A-685AEC32D1C0}"
EndProject
Global
	GlobalSection(SolutionConfigurationPlatforms) = preSolution
		Debug|Any CPU = Debug|Any CPU
		Release|Any CPU = Release|Any CPU
	EndGlobalSection
	GlobalSection(ProjectConfigurationPlatforms) = postSolution
		{ACE13088-EF05-41DE-8027-D95CA81D140A}.Debug|Any CPU.ActiveCfg = Debug|Any CPU
		{ACE13088-EF05-41DE-8027-D95CA81D140A}.Debug|Any CPU.Build.0 = Debug|Any CPU
		{ACE13088-EF05-41DE-8027-D95CA81D140A}.Release|Any CPU.ActiveCfg = Release|Any CPU
		{ACE13088-EF05-41DE-8027-D95CA81D140A}.Release|Any CPU.Build.0 = Release|Any CPU
		{081A2C38-B0EC-4F59-BD8A-6CDC5A39C194}.Debug|Any CPU.ActiveCfg = Debug|Any CPU
		{081A2C38-B0EC-4F59-BD8A-6CDC5A39C194}.Debug|Any CPU.Build.0 = Debug|Any CPU
		{081A2C38-B0EC-4F59-BD8A-6CDC5A39C194}.Release|Any CPU.ActiveCfg = Release|Any CPU
		{081A2C38-B0EC-4F59-BD8A-6CDC5A39C194}.Release|Any CPU.Build.0 = Release|Any CPU
		{E5ACA919-8283-42F9-8E26-20748EFC5D64}.Debug|Any CPU.ActiveCfg = Debug|Any CPU
		{E5ACA919-8283-42F9-8E26-20748EFC5D64}.Debug|Any CPU.Build.0 = Debug|Any CPU
		{E5ACA919-8283-42F9-8E26-20748EFC5D64}.Release|Any CPU.ActiveCfg = Release|Any CPU
		{E5ACA919-8283-42F9-8E26-20748EFC5D64}.Release|Any CPU.Build.0 = Release|Any CPU
		{96A5F298-2DF6-4BAC-9292-062C36CB0752}.Debug|Any CPU.ActiveCfg = Debug|Any CPU
		{96A5F298-2DF6-4BAC-9292-062C36CB0752}.Debug|Any CPU.Build.0 = Debug|Any CPU
		{96A5F298-2DF6-4BAC-9292-062C36CB0752}.Release|Any CPU.ActiveCfg = Release|Any CPU
		{96A5F298-2DF6-4BAC-9292-062C36CB0752}.Release|Any CPU.Build.0 = Release|Any CPU
		{47A12179-7860-426F-A941-FA6AE943A5D9}.Debug|Any CPU.ActiveCfg = Debug|Any CPU
		{47A12179-7860-426F-A941-FA6AE943A5D9}.Debug|Any CPU.Build.0 = Debug|Any CPU
		{47A12179-7860-426F-A941-FA6AE943A5D9}.Release|Any CPU.ActiveCfg = Release|Any CPU
		{47A12179-7860-426F-A941-FA6AE943A5D9}.Release|Any CPU.Build.0 = Release|Any CPU
		{F20485DA-BE97-44A5-9D91-7C29537A8C11}.Debug|Any CPU.ActiveCfg = Debug|Any CPU
		{F20485DA-BE97-44A5-9D91-7C29537A8C11}.Debug|Any CPU.Build.0 = Debug|Any CPU
		{F20485DA-BE97-44A5-9D91-7C29537A8C11}.Release|Any CPU.ActiveCfg = Release|Any CPU
		{F20485DA-BE97-44A5-9D91-7C29537A8C11}.Release|Any CPU.Build.0 = Release|Any CPU
		{D7786B4A-D317-472C-A716-C0C290FAD223}.Debug|Any CPU.ActiveCfg = Debug|Any CPU
		{D7786B4A-D317-472C-A716-C0C290FAD223}.Debug|Any CPU.Build.0 = Debug|Any CPU
		{D7786B4A-D317-472C-A716-C0C290FAD223}.Release|Any CPU.ActiveCfg = Release|Any CPU
		{D7786B4A-D317-472C-A716-C0C290FAD223}.Release|Any CPU.Build.0 = Release|Any CPU
		{3A628CBE-1DB4-4F50-B8B8-2168C7613AEA}.Debug|Any CPU.ActiveCfg = Debug|Any CPU
		{3A628CBE-1DB4-4F50-B8B8-2168C7613AEA}.Debug|Any CPU.Build.0 = Debug|Any CPU
		{3A628CBE-1DB4-4F50-B8B8-2168C7613AEA}.Release|Any CPU.ActiveCfg = Release|Any CPU
		{3A628CBE-1DB4-4F50-B8B8-2168C7613AEA}.Release|Any CPU.Build.0 = Release|Any CPU
		{90C770FE-BAD9-47DB-B618-A818E2BDD4BF}.Debug|Any CPU.ActiveCfg = Debug|Any CPU
		{90C770FE-BAD9-47DB-B618-A818E2BDD4BF}.Debug|Any CPU.Build.0 = Debug|Any CPU
		{90C770FE-BAD9-47DB-B618-A818E2BDD4BF}.Release|Any CPU.ActiveCfg = Release|Any CPU
		{90C770FE-BAD9-47DB-B618-A818E2BDD4BF}.Release|Any CPU.Build.0 = Release|Any CPU
		{0D04C758-8C62-4739-B4FE-3BBC38101519}.Debug|Any CPU.ActiveCfg = Debug|Any CPU
		{0D04C758-8C62-4739-B4FE-3BBC38101519}.Debug|Any CPU.Build.0 = Debug|Any CPU
		{0D04C758-8C62-4739-B4FE-3BBC38101519}.Release|Any CPU.ActiveCfg = Release|Any CPU
		{0D04C758-8C62-4739-B4FE-3BBC38101519}.Release|Any CPU.Build.0 = Release|Any CPU
		{14A7211F-60D4-4DC8-B60C-A431D6B628F8}.Debug|Any CPU.ActiveCfg = Debug|Any CPU
		{14A7211F-60D4-4DC8-B60C-A431D6B628F8}.Debug|Any CPU.Build.0 = Debug|Any CPU
		{14A7211F-60D4-4DC8-B60C-A431D6B628F8}.Release|Any CPU.ActiveCfg = Release|Any CPU
		{14A7211F-60D4-4DC8-B60C-A431D6B628F8}.Release|Any CPU.Build.0 = Release|Any CPU
		{709B622D-8BCA-44CD-8005-155C4EF58329}.Debug|Any CPU.ActiveCfg = Debug|Any CPU
		{709B622D-8BCA-44CD-8005-155C4EF58329}.Debug|Any CPU.Build.0 = Debug|Any CPU
		{709B622D-8BCA-44CD-8005-155C4EF58329}.Release|Any CPU.ActiveCfg = Release|Any CPU
		{709B622D-8BCA-44CD-8005-155C4EF58329}.Release|Any CPU.Build.0 = Release|Any CPU
		{1FA53F7D-693C-4B9C-8F27-B61C80CD152D}.Debug|Any CPU.ActiveCfg = Debug|Any CPU
		{1FA53F7D-693C-4B9C-8F27-B61C80CD152D}.Debug|Any CPU.Build.0 = Debug|Any CPU
		{1FA53F7D-693C-4B9C-8F27-B61C80CD152D}.Release|Any CPU.ActiveCfg = Release|Any CPU
		{1FA53F7D-693C-4B9C-8F27-B61C80CD152D}.Release|Any CPU.Build.0 = Release|Any CPU
		{A2E269C6-614D-4111-B3C7-942A8980959C}.Debug|Any CPU.ActiveCfg = Debug|Any CPU
		{A2E269C6-614D-4111-B3C7-942A8980959C}.Debug|Any CPU.Build.0 = Debug|Any CPU
		{A2E269C6-614D-4111-B3C7-942A8980959C}.Release|Any CPU.ActiveCfg = Release|Any CPU
		{A2E269C6-614D-4111-B3C7-942A8980959C}.Release|Any CPU.Build.0 = Release|Any CPU
		{71FF69FE-F885-4719-B454-35FF22AE5460}.Debug|Any CPU.ActiveCfg = Debug|Any CPU
		{71FF69FE-F885-4719-B454-35FF22AE5460}.Debug|Any CPU.Build.0 = Debug|Any CPU
		{71FF69FE-F885-4719-B454-35FF22AE5460}.Release|Any CPU.ActiveCfg = Release|Any CPU
		{71FF69FE-F885-4719-B454-35FF22AE5460}.Release|Any CPU.Build.0 = Release|Any CPU
		{AE01305D-E6C7-46B8-976C-3C1D5A1ECDD1}.Debug|Any CPU.ActiveCfg = Debug|Any CPU
		{AE01305D-E6C7-46B8-976C-3C1D5A1ECDD1}.Debug|Any CPU.Build.0 = Debug|Any CPU
		{AE01305D-E6C7-46B8-976C-3C1D5A1ECDD1}.Release|Any CPU.ActiveCfg = Release|Any CPU
		{AE01305D-E6C7-46B8-976C-3C1D5A1ECDD1}.Release|Any CPU.Build.0 = Release|Any CPU
		{F6084DFD-F525-45D6-8423-098F339D4A92}.Debug|Any CPU.ActiveCfg = Debug|Any CPU
		{F6084DFD-F525-45D6-8423-098F339D4A92}.Debug|Any CPU.Build.0 = Debug|Any CPU
		{F6084DFD-F525-45D6-8423-098F339D4A92}.Release|Any CPU.ActiveCfg = Release|Any CPU
		{F6084DFD-F525-45D6-8423-098F339D4A92}.Release|Any CPU.Build.0 = Release|Any CPU
		{71D2A888-BA01-4E49-BD42-41EE5E457B20}.Debug|Any CPU.ActiveCfg = Debug|Any CPU
		{71D2A888-BA01-4E49-BD42-41EE5E457B20}.Debug|Any CPU.Build.0 = Debug|Any CPU
		{71D2A888-BA01-4E49-BD42-41EE5E457B20}.Release|Any CPU.ActiveCfg = Release|Any CPU
		{71D2A888-BA01-4E49-BD42-41EE5E457B20}.Release|Any CPU.Build.0 = Release|Any CPU
		{B5100598-BEEC-450C-8A8E-8A7B38B808D0}.Debug|Any CPU.ActiveCfg = Debug|Any CPU
		{B5100598-BEEC-450C-8A8E-8A7B38B808D0}.Debug|Any CPU.Build.0 = Debug|Any CPU
		{B5100598-BEEC-450C-8A8E-8A7B38B808D0}.Release|Any CPU.ActiveCfg = Release|Any CPU
		{B5100598-BEEC-450C-8A8E-8A7B38B808D0}.Release|Any CPU.Build.0 = Release|Any CPU
		{AAC265FC-8E69-41C5-A530-37555BCC90E9}.Debug|Any CPU.ActiveCfg = Debug|Any CPU
		{AAC265FC-8E69-41C5-A530-37555BCC90E9}.Debug|Any CPU.Build.0 = Debug|Any CPU
		{AAC265FC-8E69-41C5-A530-37555BCC90E9}.Release|Any CPU.ActiveCfg = Release|Any CPU
		{AAC265FC-8E69-41C5-A530-37555BCC90E9}.Release|Any CPU.Build.0 = Release|Any CPU
		{FE82EA5A-8818-429D-9E85-0AC9338202D6}.Debug|Any CPU.ActiveCfg = Debug|Any CPU
		{FE82EA5A-8818-429D-9E85-0AC9338202D6}.Debug|Any CPU.Build.0 = Debug|Any CPU
		{FE82EA5A-8818-429D-9E85-0AC9338202D6}.Release|Any CPU.ActiveCfg = Release|Any CPU
		{FE82EA5A-8818-429D-9E85-0AC9338202D6}.Release|Any CPU.Build.0 = Release|Any CPU
		{FB47AACB-3798-4C47-A61E-E09EEACE78F2}.Debug|Any CPU.ActiveCfg = Debug|Any CPU
		{FB47AACB-3798-4C47-A61E-E09EEACE78F2}.Debug|Any CPU.Build.0 = Debug|Any CPU
		{FB47AACB-3798-4C47-A61E-E09EEACE78F2}.Release|Any CPU.ActiveCfg = Release|Any CPU
		{FB47AACB-3798-4C47-A61E-E09EEACE78F2}.Release|Any CPU.Build.0 = Release|Any CPU
		{1157ECE4-3630-4E50-9637-51986838E4E3}.Debug|Any CPU.ActiveCfg = Debug|Any CPU
		{1157ECE4-3630-4E50-9637-51986838E4E3}.Debug|Any CPU.Build.0 = Debug|Any CPU
		{1157ECE4-3630-4E50-9637-51986838E4E3}.Release|Any CPU.ActiveCfg = Release|Any CPU
		{1157ECE4-3630-4E50-9637-51986838E4E3}.Release|Any CPU.Build.0 = Release|Any CPU
		{EEEC3A5A-1547-4A64-945A-715EC52B2001}.Debug|Any CPU.ActiveCfg = Debug|Any CPU
		{EEEC3A5A-1547-4A64-945A-715EC52B2001}.Debug|Any CPU.Build.0 = Debug|Any CPU
		{EEEC3A5A-1547-4A64-945A-715EC52B2001}.Release|Any CPU.ActiveCfg = Release|Any CPU
		{EEEC3A5A-1547-4A64-945A-715EC52B2001}.Release|Any CPU.Build.0 = Release|Any CPU
		{D38A6DA7-0CD4-49D4-A469-B21070BBF6A5}.Debug|Any CPU.ActiveCfg = Debug|Any CPU
		{D38A6DA7-0CD4-49D4-A469-B21070BBF6A5}.Debug|Any CPU.Build.0 = Debug|Any CPU
		{D38A6DA7-0CD4-49D4-A469-B21070BBF6A5}.Release|Any CPU.ActiveCfg = Release|Any CPU
		{D38A6DA7-0CD4-49D4-A469-B21070BBF6A5}.Release|Any CPU.Build.0 = Release|Any CPU
		{A8815F3C-018C-43B7-A0D1-A76054A38F11}.Debug|Any CPU.ActiveCfg = Debug|Any CPU
		{A8815F3C-018C-43B7-A0D1-A76054A38F11}.Debug|Any CPU.Build.0 = Debug|Any CPU
		{A8815F3C-018C-43B7-A0D1-A76054A38F11}.Release|Any CPU.ActiveCfg = Release|Any CPU
		{A8815F3C-018C-43B7-A0D1-A76054A38F11}.Release|Any CPU.Build.0 = Release|Any CPU
		{3D1FC7FF-47C0-4F29-B43A-685AEC32D1C0}.Debug|Any CPU.ActiveCfg = Debug|Any CPU
		{3D1FC7FF-47C0-4F29-B43A-685AEC32D1C0}.Debug|Any CPU.Build.0 = Debug|Any CPU
		{3D1FC7FF-47C0-4F29-B43A-685AEC32D1C0}.Release|Any CPU.ActiveCfg = Release|Any CPU
		{3D1FC7FF-47C0-4F29-B43A-685AEC32D1C0}.Release|Any CPU.Build.0 = Release|Any CPU
	EndGlobalSection
	GlobalSection(SolutionProperties) = preSolution
		HideSolutionNode = FALSE
	EndGlobalSection
	GlobalSection(NestedProjects) = preSolution
		{DA6C3B4E-5876-4FEB-B5A4-EC8300507627} = {A636C31D-5B75-455A-ACB8-26A57496BAA0}
		{ACE13088-EF05-41DE-8027-D95CA81D140A} = {DA6C3B4E-5876-4FEB-B5A4-EC8300507627}
		{67EB9527-5CFA-4095-99B8-7F179225A720} = {DA6C3B4E-5876-4FEB-B5A4-EC8300507627}
		{081A2C38-B0EC-4F59-BD8A-6CDC5A39C194} = {67EB9527-5CFA-4095-99B8-7F179225A720}
		{292E8FFD-5D1E-4551-A1F0-824DA0DE18AF} = {67EB9527-5CFA-4095-99B8-7F179225A720}
		{E5ACA919-8283-42F9-8E26-20748EFC5D64} = {292E8FFD-5D1E-4551-A1F0-824DA0DE18AF}
		{96A5F298-2DF6-4BAC-9292-062C36CB0752} = {292E8FFD-5D1E-4551-A1F0-824DA0DE18AF}
		{47A12179-7860-426F-A941-FA6AE943A5D9} = {292E8FFD-5D1E-4551-A1F0-824DA0DE18AF}
		{13ADF0FF-536D-4813-930B-4B8FC3D13FC6} = {67EB9527-5CFA-4095-99B8-7F179225A720}
		{F20485DA-BE97-44A5-9D91-7C29537A8C11} = {13ADF0FF-536D-4813-930B-4B8FC3D13FC6}
		{D7786B4A-D317-472C-A716-C0C290FAD223} = {13ADF0FF-536D-4813-930B-4B8FC3D13FC6}
		{3A628CBE-1DB4-4F50-B8B8-2168C7613AEA} = {13ADF0FF-536D-4813-930B-4B8FC3D13FC6}
		{A52ACEF8-5D7E-4F9D-B0DA-24B2F1B1CCE8} = {67EB9527-5CFA-4095-99B8-7F179225A720}
		{90C770FE-BAD9-47DB-B618-A818E2BDD4BF} = {A52ACEF8-5D7E-4F9D-B0DA-24B2F1B1CCE8}
		{0D04C758-8C62-4739-B4FE-3BBC38101519} = {A52ACEF8-5D7E-4F9D-B0DA-24B2F1B1CCE8}
		{14A7211F-60D4-4DC8-B60C-A431D6B628F8} = {A52ACEF8-5D7E-4F9D-B0DA-24B2F1B1CCE8}
		{D52C47AB-1A2A-4A4D-B1F6-9DCF7A89F74E} = {67EB9527-5CFA-4095-99B8-7F179225A720}
		{709B622D-8BCA-44CD-8005-155C4EF58329} = {D52C47AB-1A2A-4A4D-B1F6-9DCF7A89F74E}
		{1FA53F7D-693C-4B9C-8F27-B61C80CD152D} = {D52C47AB-1A2A-4A4D-B1F6-9DCF7A89F74E}
		{A2E269C6-614D-4111-B3C7-942A8980959C} = {D52C47AB-1A2A-4A4D-B1F6-9DCF7A89F74E}
		{0F025166-F452-4D25-9C4C-A21924F2739C} = {67EB9527-5CFA-4095-99B8-7F179225A720}
		{71FF69FE-F885-4719-B454-35FF22AE5460} = {0F025166-F452-4D25-9C4C-A21924F2739C}
		{AE01305D-E6C7-46B8-976C-3C1D5A1ECDD1} = {0F025166-F452-4D25-9C4C-A21924F2739C}
		{F6084DFD-F525-45D6-8423-098F339D4A92} = {0F025166-F452-4D25-9C4C-A21924F2739C}
		{E449AA03-0C48-4502-89D8-B30C5973D3E1} = {67EB9527-5CFA-4095-99B8-7F179225A720}
		{71D2A888-BA01-4E49-BD42-41EE5E457B20} = {E449AA03-0C48-4502-89D8-B30C5973D3E1}
		{257B9877-DDFC-4C21-AF38-2B39ACE22457} = {A636C31D-5B75-455A-ACB8-26A57496BAA0}
		{1B7C6B7E-7690-4390-81E5-E7E22B2A5A57} = {257B9877-DDFC-4C21-AF38-2B39ACE22457}
		{E342812D-90EB-4F07-8D5C-3C0D9BBA9544} = {1B7C6B7E-7690-4390-81E5-E7E22B2A5A57}
		{2FD25058-0BEF-4BEC-B6D8-CCDFF61F3D1F} = {E342812D-90EB-4F07-8D5C-3C0D9BBA9544}
		{B5100598-BEEC-450C-8A8E-8A7B38B808D0} = {2FD25058-0BEF-4BEC-B6D8-CCDFF61F3D1F}
		{AAC265FC-8E69-41C5-A530-37555BCC90E9} = {2FD25058-0BEF-4BEC-B6D8-CCDFF61F3D1F}
		{FE82EA5A-8818-429D-9E85-0AC9338202D6} = {2FD25058-0BEF-4BEC-B6D8-CCDFF61F3D1F}
		{5E234526-5B9D-4AE4-AD6F-B46AFF33C704} = {1B7C6B7E-7690-4390-81E5-E7E22B2A5A57}
		{E8BBB60B-FBAF-44D2-AF11-B892FA72430B} = {5E234526-5B9D-4AE4-AD6F-B46AFF33C704}
		{4B010605-517F-4A60-B4B2-A9A50CD481B0} = {E8BBB60B-FBAF-44D2-AF11-B892FA72430B}
		{6F85FCEC-C273-44D7-BBCE-4A43C9D8DBD7} = {4B010605-517F-4A60-B4B2-A9A50CD481B0}
		{40018E39-D527-4545-B304-B187D37952F1} = {6F85FCEC-C273-44D7-BBCE-4A43C9D8DBD7}
		{C26DCF69-E57F-4101-879E-9FB94A3183F8} = {40018E39-D527-4545-B304-B187D37952F1}
		{FB47AACB-3798-4C47-A61E-E09EEACE78F2} = {C26DCF69-E57F-4101-879E-9FB94A3183F8}
		{15B1C553-5776-4761-A19A-6A1C1E324E8A} = {4B010605-517F-4A60-B4B2-A9A50CD481B0}
		{79603316-D297-4E5C-9699-662C87A98EEC} = {15B1C553-5776-4761-A19A-6A1C1E324E8A}
		{EE383ADF-813D-46FD-AC1A-111C4FA98FC1} = {79603316-D297-4E5C-9699-662C87A98EEC}
		{1157ECE4-3630-4E50-9637-51986838E4E3} = {EE383ADF-813D-46FD-AC1A-111C4FA98FC1}
		{A716E455-E20A-424F-AF5B-7F44BD15AA64} = {1B7C6B7E-7690-4390-81E5-E7E22B2A5A57}
		{D1BC7346-72D6-4FBA-B30A-83C46BA8088E} = {A716E455-E20A-424F-AF5B-7F44BD15AA64}
		{FED7D3EF-D820-44F8-8AE0-16A3CEA8A100} = {D1BC7346-72D6-4FBA-B30A-83C46BA8088E}
		{CE14AE4C-2469-414D-81C9-E6843575D8D4} = {FED7D3EF-D820-44F8-8AE0-16A3CEA8A100}
		{FF06DFE6-5035-49E1-95BB-532B9BD386C7} = {CE14AE4C-2469-414D-81C9-E6843575D8D4}
		{40B17ED5-F159-4B00-A233-4B0ADC4DA036} = {FF06DFE6-5035-49E1-95BB-532B9BD386C7}
		{EEEC3A5A-1547-4A64-945A-715EC52B2001} = {40B17ED5-F159-4B00-A233-4B0ADC4DA036}
		{194C9E38-6D59-47F7-B6B0-99F930A246D9} = {FED7D3EF-D820-44F8-8AE0-16A3CEA8A100}
		{E6829539-476C-47CC-96E8-BB5EDD8CA567} = {194C9E38-6D59-47F7-B6B0-99F930A246D9}
		{19B67032-BCB4-4D42-B197-87D6EC5BB83C} = {E6829539-476C-47CC-96E8-BB5EDD8CA567}
		{D38A6DA7-0CD4-49D4-A469-B21070BBF6A5} = {19B67032-BCB4-4D42-B197-87D6EC5BB83C}
		{03871D77-AA37-4C5B-90B6-958EB0AD6617} = {A636C31D-5B75-455A-ACB8-26A57496BAA0}
		{57E18E89-48FA-4908-829A-81FEB13D92AE} = {03871D77-AA37-4C5B-90B6-958EB0AD6617}
		{7205B1EC-042D-4E1C-A307-483CAB83F0F3} = {57E18E89-48FA-4908-829A-81FEB13D92AE}
		{C0BADB1B-930D-477E-8C35-0A01037C33B4} = {7205B1EC-042D-4E1C-A307-483CAB83F0F3}
		{80592B40-73CB-4F61-9E4D-AC80301EA752} = {C0BADB1B-930D-477E-8C35-0A01037C33B4}
		{69B6C107-8D73-455B-9A44-FE4EDEFF8C7A} = {80592B40-73CB-4F61-9E4D-AC80301EA752}
		{C5A88BDD-372E-4541-A786-C07CE80BECBA} = {69B6C107-8D73-455B-9A44-FE4EDEFF8C7A}
		{9681494A-6EF8-401A-A1FD-3BED5B9E4AB1} = {C5A88BDD-372E-4541-A786-C07CE80BECBA}
		{A8815F3C-018C-43B7-A0D1-A76054A38F11} = {9681494A-6EF8-401A-A1FD-3BED5B9E4AB1}
		{AEF98650-ED35-4365-9BFA-9D9C815E2B95} = {80592B40-73CB-4F61-9E4D-AC80301EA752}
		{B9B206A8-A4E9-470B-AB26-ED7B4D785A41} = {AEF98650-ED35-4365-9BFA-9D9C815E2B95}
		{E741C219-DD00-4328-845C-F28EEC3C4FCF} = {B9B206A8-A4E9-470B-AB26-ED7B4D785A41}
		{3D1FC7FF-47C0-4F29-B43A-685AEC32D1C0} = {E741C219-DD00-4328-845C-F28EEC3C4FCF}
	EndGlobalSection
	GlobalSection(ExtensibilityGlobals) = postSolution
		SolutionGuid = {C28A4D84-D6A3-41CD-A3A4-1B42163DD062}
	EndGlobalSection
EndGlobal
