
Microsoft Visual Studio Solution File, Format Version 12.00
# Visual Studio Version 17
VisualStudioVersion = 17.0.31903.59
MinimumVisualStudioVersion = 10.0.40219.1
Project("{2150E333-8FDC-42A3-9474-1A3956D46DE8}") = "cdk", "cdk", "{AF426F74-C863-4338-A873-2AE0AD964A96}"
EndProject
Project("{FAE04EC0-301F-11D3-BF4B-00C04F79EFBC}") = "ServerlessGettingStarted.CDK", "cdk\ServerlessGettingStarted.CDK.csproj", "{16597FCC-C251-476B-ACBA-AC92CFF6AC29}"
EndProject
Project("{2150E333-8FDC-42A3-9474-1A3956D46DE8}") = "services", "services", "{4263CABF-2354-4643-B016-8547EFA582EF}"
EndProject
Project("{2150E333-8FDC-42A3-9474-1A3956D46DE8}") = "Product.Api", "Product.Api", "{BEEC8674-0D97-43AB-A00D-EBF1479A04A9}"
EndProject
Project("{FAE04EC0-301F-11D3-BF4B-00C04F79EFBC}") = "Product.Api", "src\Product.Api\Product.Api.Lambda\Product.Api.csproj", "{6C9573DF-1FCD-47D2-8690-DB9289509E84}"
EndProject
Project("{FAE04EC0-301F-11D3-BF4B-00C04F79EFBC}") = "Product.Api.Core", "src\Product.Api\Product.Api.Core\Product.Api.Core.csproj", "{32387C51-45B0-4422-A5D4-D5E89045906A}"
EndProject
Project("{FAE04EC0-301F-11D3-BF4B-00C04F79EFBC}") = "Product.Api.Core.Test", "src\Product.Api\Product.Api.Core.Test\Product.Api.Core.Test.csproj", "{03F84535-4916-446D-92B6-1AEAE7701F27}"
EndProject
Global
	GlobalSection(SolutionConfigurationPlatforms) = preSolution
		Debug|Any CPU = Debug|Any CPU
		Release|Any CPU = Release|Any CPU
	EndGlobalSection
	GlobalSection(SolutionProperties) = preSolution
		HideSolutionNode = FALSE
	EndGlobalSection
	GlobalSection(ProjectConfigurationPlatforms) = postSolution
		{5DA34710-0A8D-415C-86E7-157183ACBCD8}.Debug|Any CPU.ActiveCfg = Debug|Any CPU
		{5DA34710-0A8D-415C-86E7-157183ACBCD8}.Debug|Any CPU.Build.0 = Debug|Any CPU
		{5DA34710-0A8D-415C-86E7-157183ACBCD8}.Release|Any CPU.ActiveCfg = Release|Any CPU
		{5DA34710-0A8D-415C-86E7-157183ACBCD8}.Release|Any CPU.Build.0 = Release|Any CPU
		{AA03A383-4FE5-43AE-90CE-DB82B498DA8A}.Debug|Any CPU.ActiveCfg = Debug|Any CPU
		{AA03A383-4FE5-43AE-90CE-DB82B498DA8A}.Debug|Any CPU.Build.0 = Debug|Any CPU
		{AA03A383-4FE5-43AE-90CE-DB82B498DA8A}.Release|Any CPU.ActiveCfg = Release|Any CPU
		{AA03A383-4FE5-43AE-90CE-DB82B498DA8A}.Release|Any CPU.Build.0 = Release|Any CPU
		{B73DF0D2-8FD2-4D01-9A91-89DD1C4B785F}.Debug|Any CPU.ActiveCfg = Debug|Any CPU
		{B73DF0D2-8FD2-4D01-9A91-89DD1C4B785F}.Debug|Any CPU.Build.0 = Debug|Any CPU
		{B73DF0D2-8FD2-4D01-9A91-89DD1C4B785F}.Release|Any CPU.ActiveCfg = Release|Any CPU
		{B73DF0D2-8FD2-4D01-9A91-89DD1C4B785F}.Release|Any CPU.Build.0 = Release|Any CPU
		{16597FCC-C251-476B-ACBA-AC92CFF6AC29}.Debug|Any CPU.ActiveCfg = Debug|Any CPU
		{16597FCC-C251-476B-ACBA-AC92CFF6AC29}.Debug|Any CPU.Build.0 = Debug|Any CPU
		{16597FCC-C251-476B-ACBA-AC92CFF6AC29}.Release|Any CPU.ActiveCfg = Release|Any CPU
		{16597FCC-C251-476B-ACBA-AC92CFF6AC29}.Release|Any CPU.Build.0 = Release|Any CPU
		{6C9573DF-1FCD-47D2-8690-DB9289509E84}.Debug|Any CPU.ActiveCfg = Debug|Any CPU
		{6C9573DF-1FCD-47D2-8690-DB9289509E84}.Debug|Any CPU.Build.0 = Debug|Any CPU
		{6C9573DF-1FCD-47D2-8690-DB9289509E84}.Release|Any CPU.ActiveCfg = Release|Any CPU
		{6C9573DF-1FCD-47D2-8690-DB9289509E84}.Release|Any CPU.Build.0 = Release|Any CPU
		{32387C51-45B0-4422-A5D4-D5E89045906A}.Debug|Any CPU.ActiveCfg = Debug|Any CPU
		{32387C51-45B0-4422-A5D4-D5E89045906A}.Debug|Any CPU.Build.0 = Debug|Any CPU
		{32387C51-45B0-4422-A5D4-D5E89045906A}.Release|Any CPU.ActiveCfg = Release|Any CPU
		{32387C51-45B0-4422-A5D4-D5E89045906A}.Release|Any CPU.Build.0 = Release|Any CPU
		{03F84535-4916-446D-92B6-1AEAE7701F27}.Debug|Any CPU.ActiveCfg = Debug|Any CPU
		{03F84535-4916-446D-92B6-1AEAE7701F27}.Debug|Any CPU.Build.0 = Debug|Any CPU
		{03F84535-4916-446D-92B6-1AEAE7701F27}.Release|Any CPU.ActiveCfg = Release|Any CPU
		{03F84535-4916-446D-92B6-1AEAE7701F27}.Release|Any CPU.Build.0 = Release|Any CPU
	EndGlobalSection
	GlobalSection(NestedProjects) = preSolution
		{5DA34710-0A8D-415C-86E7-157183ACBCD8} = {F607E181-6B23-4A2D-9540-C115E9048AB5}
		{AA03A383-4FE5-43AE-90CE-DB82B498DA8A} = {E2F82EC6-4656-4B99-AFF1-DE606B2F6A58}
		{B73DF0D2-8FD2-4D01-9A91-89DD1C4B785F} = {E2F82EC6-4656-4B99-AFF1-DE606B2F6A58}
		{16597FCC-C251-476B-ACBA-AC92CFF6AC29} = {AF426F74-C863-4338-A873-2AE0AD964A96}
		{BEEC8674-0D97-43AB-A00D-EBF1479A04A9} = {4263CABF-2354-4643-B016-8547EFA582EF}
		{6C9573DF-1FCD-47D2-8690-DB9289509E84} = {BEEC8674-0D97-43AB-A00D-EBF1479A04A9}
		{32387C51-45B0-4422-A5D4-D5E89045906A} = {BEEC8674-0D97-43AB-A00D-EBF1479A04A9}
		{03F84535-4916-446D-92B6-1AEAE7701F27} = {BEEC8674-0D97-43AB-A00D-EBF1479A04A9}
	EndGlobalSection
EndGlobal
